{
  "name": "ngx-ode-ui",
  "version": "0.0.1",
  "lockfileVersion": 1,
  "requires": true,
  "dependencies": {
    "flatpickr": {
      "version": "2.6.1",
      "resolved": "https://registry.npmjs.org/flatpickr/-/flatpickr-2.6.1.tgz",
      "integrity": "sha1-cnKXm0t5HNt7NZB2gxcE/rCSekE="
    },
    "jquery": {
      "version": "3.4.1",
      "resolved": "https://registry.npmjs.org/jquery/-/jquery-3.4.1.tgz",
      "integrity": "sha512-36+AdBzCL+y6qjw5Tx7HgzeGCzC81MDDgaUP8ld2zhx58HdqXGoBd+tHdrBMiyjGQs0Hxs/MLZTu/eHNJJuWPw=="
    },
    "ngx-infinite-scroll": {
      "version": "8.0.1",
      "resolved": "https://registry.npmjs.org/ngx-infinite-scroll/-/ngx-infinite-scroll-8.0.1.tgz",
      "integrity": "sha512-YpgkTPDNT7UCEp0GRX178V1nF+M2slCPJ2TX3CpvPZb5AR99JYwj/fNivcue5lN51oUaTySEG27qjVU73vKhjw==",
      "requires": {
        "opencollective-postinstall": "^2.0.2"
      }
    },
    "opencollective-postinstall": {
      "version": "2.0.2",
      "resolved": "https://registry.npmjs.org/opencollective-postinstall/-/opencollective-postinstall-2.0.2.tgz",
      "integrity": "sha512-pVOEP16TrAO2/fjej1IdOyupJY8KDUM1CvsaScRbw6oddvpQoOfGk4ywha0HKKVAD6RkW4x6Q+tNBwhf3Bgpuw=="
    }
  }
}
